
Microsoft Visual Studio Solution File, Format Version 12.00
# Visual Studio 15
VisualStudioVersion = 15.0.28307.489
MinimumVisualStudioVersion = 10.0.40219.1
Project("{FAE04EC0-301F-11D3-BF4B-00C04F79EFBC}") = "Bakalaurs", "Bakalaurs\Bakalaurs.csproj", "{B334A3A5-EA12-4C6D-8532-CCF565A813A3}"
EndProject
Global
	GlobalSection(SolutionConfigurationPlatforms) = preSolution
		Debug|Any CPU = Debug|Any CPU
		Release|Any CPU = Release|Any CPU
	EndGlobalSection
	GlobalSection(ProjectConfigurationPlatforms) = postSolution
		{B334A3A5-EA12-4C6D-8532-CCF565A813A3}.Debug|Any CPU.ActiveCfg = Debug|Any CPU
		{B334A3A5-EA12-4C6D-8532-CCF565A813A3}.Debug|Any CPU.Build.0 = Debug|Any CPU
		{B334A3A5-EA12-4C6D-8532-CCF565A813A3}.Release|Any CPU.ActiveCfg = Release|Any CPU
		{B334A3A5-EA12-4C6D-8532-CCF565A813A3}.Release|Any CPU.Build.0 = Release|Any CPU
	EndGlobalSection
	GlobalSection(SolutionProperties) = preSolution
		HideSolutionNode = FALSE
	EndGlobalSection
	GlobalSection(ExtensibilityGlobals) = postSolution
		SolutionGuid = {55412A50-E2E8-45D0-B26B-DEFB4F9D3E80}
	EndGlobalSection
EndGlobal
